
Microsoft Visual Studio Solution File, Format Version 12.00
# Visual Studio 2013
VisualStudioVersion = 12.0.31101.0
MinimumVisualStudioVersion = 10.0.40219.1
Project("{FAE04EC0-301F-11D3-BF4B-00C04F79EFBC}") = "TDMakerGUI", "TDMakerGUI\TDMakerGUI.csproj", "{F3519E2C-4C9F-4EED-8EDA-78FED87BC10F}"
EndProject
Project("{FAE04EC0-301F-11D3-BF4B-00C04F79EFBC}") = "TDMakerLib", "TDMakerLib\TDMakerLib.csproj", "{6023302C-5D3C-494A-B7D1-95A0BED8CA22}"
EndProject
Project("{FAE04EC0-301F-11D3-BF4B-00C04F79EFBC}") = "TDMakerCLI", "TDMakerCLI\TDMakerCLI.csproj", "{A6AD6352-B867-43D4-85F5-BA7FE78ADFBB}"
EndProject
Project("{FAE04EC0-301F-11D3-BF4B-00C04F79EFBC}") = "BDInfo", "Lib\BDInfo\BDInfo\BDInfo.csproj", "{3209AF1D-4762-4960-9DE5-13E90E77EE96}"
EndProject
Project("{FAE04EC0-301F-11D3-BF4B-00C04F79EFBC}") = "ShareX.HelpersLib", "..\ShareX\ShareX.HelpersLib\ShareX.HelpersLib.csproj", "{327750E1-9FB7-4CC3-8AEA-9BC42180CAD3}"
EndProject
Project("{FAE04EC0-301F-11D3-BF4B-00C04F79EFBC}") = "ShareX.UploadersLib", "..\ShareX\ShareX.UploadersLib\ShareX.UploadersLib.csproj", "{E1C94415-3424-4517-A2A1-B2FDD1F59C67}"
EndProject
Project("{FAE04EC0-301F-11D3-BF4B-00C04F79EFBC}") = "Greenshot.ImageEditor", "..\ShareX\Greenshot.ImageEditor\Greenshot.ImageEditor.csproj", "{CD642BF4-D815-4D67-A0B5-C69F0B8231AF}"
EndProject
Global
	GlobalSection(SolutionConfigurationPlatforms) = preSolution
		Debug|Any CPU = Debug|Any CPU
		Release|Any CPU = Release|Any CPU
	EndGlobalSection
	GlobalSection(ProjectConfigurationPlatforms) = postSolution
		{F3519E2C-4C9F-4EED-8EDA-78FED87BC10F}.Debug|Any CPU.ActiveCfg = Debug|Any CPU
		{F3519E2C-4C9F-4EED-8EDA-78FED87BC10F}.Debug|Any CPU.Build.0 = Debug|Any CPU
		{F3519E2C-4C9F-4EED-8EDA-78FED87BC10F}.Release|Any CPU.ActiveCfg = Release|Any CPU
		{F3519E2C-4C9F-4EED-8EDA-78FED87BC10F}.Release|Any CPU.Build.0 = Release|Any CPU
		{6023302C-5D3C-494A-B7D1-95A0BED8CA22}.Debug|Any CPU.ActiveCfg = Debug|Any CPU
		{6023302C-5D3C-494A-B7D1-95A0BED8CA22}.Debug|Any CPU.Build.0 = Debug|Any CPU
		{6023302C-5D3C-494A-B7D1-95A0BED8CA22}.Release|Any CPU.ActiveCfg = Release|Any CPU
		{6023302C-5D3C-494A-B7D1-95A0BED8CA22}.Release|Any CPU.Build.0 = Release|Any CPU
		{A6AD6352-B867-43D4-85F5-BA7FE78ADFBB}.Debug|Any CPU.ActiveCfg = Debug|Any CPU
		{A6AD6352-B867-43D4-85F5-BA7FE78ADFBB}.Debug|Any CPU.Build.0 = Debug|Any CPU
		{A6AD6352-B867-43D4-85F5-BA7FE78ADFBB}.Release|Any CPU.ActiveCfg = Release|Any CPU
		{A6AD6352-B867-43D4-85F5-BA7FE78ADFBB}.Release|Any CPU.Build.0 = Release|Any CPU
		{3209AF1D-4762-4960-9DE5-13E90E77EE96}.Debug|Any CPU.ActiveCfg = Debug|Any CPU
		{3209AF1D-4762-4960-9DE5-13E90E77EE96}.Debug|Any CPU.Build.0 = Debug|Any CPU
		{3209AF1D-4762-4960-9DE5-13E90E77EE96}.Release|Any CPU.ActiveCfg = Release|Any CPU
		{3209AF1D-4762-4960-9DE5-13E90E77EE96}.Release|Any CPU.Build.0 = Release|Any CPU
		{327750E1-9FB7-4CC3-8AEA-9BC42180CAD3}.Debug|Any CPU.ActiveCfg = Debug|Any CPU
		{327750E1-9FB7-4CC3-8AEA-9BC42180CAD3}.Debug|Any CPU.Build.0 = Debug|Any CPU
		{327750E1-9FB7-4CC3-8AEA-9BC42180CAD3}.Release|Any CPU.ActiveCfg = Release|Any CPU
		{327750E1-9FB7-4CC3-8AEA-9BC42180CAD3}.Release|Any CPU.Build.0 = Release|Any CPU
		{E1C94415-3424-4517-A2A1-B2FDD1F59C67}.Debug|Any CPU.ActiveCfg = Debug|Any CPU
		{E1C94415-3424-4517-A2A1-B2FDD1F59C67}.Debug|Any CPU.Build.0 = Debug|Any CPU
		{E1C94415-3424-4517-A2A1-B2FDD1F59C67}.Release|Any CPU.ActiveCfg = Release|Any CPU
		{E1C94415-3424-4517-A2A1-B2FDD1F59C67}.Release|Any CPU.Build.0 = Release|Any CPU
		{CD642BF4-D815-4D67-A0B5-C69F0B8231AF}.Debug|Any CPU.ActiveCfg = Debug|Any CPU
		{CD642BF4-D815-4D67-A0B5-C69F0B8231AF}.Debug|Any CPU.Build.0 = Debug|Any CPU
		{CD642BF4-D815-4D67-A0B5-C69F0B8231AF}.Release|Any CPU.ActiveCfg = Release|Any CPU
		{CD642BF4-D815-4D67-A0B5-C69F0B8231AF}.Release|Any CPU.Build.0 = Release|Any CPU
	EndGlobalSection
	GlobalSection(SolutionProperties) = preSolution
		HideSolutionNode = FALSE
	EndGlobalSection
	GlobalSection(SubversionScc) = preSolution
		Svn-Managed = True
		Manager = AnkhSVN - Subversion Support for Visual Studio
	EndGlobalSection
EndGlobal
