
Microsoft Visual Studio Solution File, Format Version 11.00
# Visual Studio 2010
Project("{FAE04EC0-301F-11D3-BF4B-00C04F79EFBC}") = "TDMakerGUI", "TDMakerGUI.csproj", "{F3519E2C-4C9F-4EED-8EDA-78FED87BC10F}"
EndProject
Global
	GlobalSection(SolutionConfigurationPlatforms) = preSolution
		Debug|Any CPU = Debug|Any CPU
		Release|Any CPU = Release|Any CPU
	EndGlobalSection
	GlobalSection(ProjectConfigurationPlatforms) = postSolution
		{F3519E2C-4C9F-4EED-8EDA-78FED87BC10F}.Debug|Any CPU.ActiveCfg = Debug|Any CPU
		{F3519E2C-4C9F-4EED-8EDA-78FED87BC10F}.Debug|Any CPU.Build.0 = Debug|Any CPU
		{F3519E2C-4C9F-4EED-8EDA-78FED87BC10F}.Release|Any CPU.ActiveCfg = Release|Any CPU
		{F3519E2C-4C9F-4EED-8EDA-78FED87BC10F}.Release|Any CPU.Build.0 = Release|Any CPU
	EndGlobalSection
	GlobalSection(MonoDevelopProperties) = preSolution
		StartupItem = TDMakerGUI.csproj
	EndGlobalSection
EndGlobal
